
Microsoft Visual Studio Solution File, Format Version 12.00
# Visual Studio Version 17
VisualStudioVersion = 17.5.33502.453
MinimumVisualStudioVersion = 10.0.40219.1
Project("{FAE04EC0-301F-11D3-BF4B-00C04F79EFBC}") = "Sync-Task2", "Sync-Task2.csproj", "{A6F48EC1-4B4F-4889-9F97-8FD34A40DAA3}"
EndProject
Global
	GlobalSection(SolutionConfigurationPlatforms) = preSolution
		Debug|Any CPU = Debug|Any CPU
		Release|Any CPU = Release|Any CPU
	EndGlobalSection
	GlobalSection(ProjectConfigurationPlatforms) = postSolution
		{A6F48EC1-4B4F-4889-9F97-8FD34A40DAA3}.Debug|Any CPU.ActiveCfg = Debug|Any CPU
		{A6F48EC1-4B4F-4889-9F97-8FD34A40DAA3}.Debug|Any CPU.Build.0 = Debug|Any CPU
		{A6F48EC1-4B4F-4889-9F97-8FD34A40DAA3}.Release|Any CPU.ActiveCfg = Release|Any CPU
		{A6F48EC1-4B4F-4889-9F97-8FD34A40DAA3}.Release|Any CPU.Build.0 = Release|Any CPU
	EndGlobalSection
	GlobalSection(SolutionProperties) = preSolution
		HideSolutionNode = FALSE
	EndGlobalSection
	GlobalSection(ExtensibilityGlobals) = postSolution
		SolutionGuid = {603C0660-BC9B-41CC-9B80-6437341C36C4}
	EndGlobalSection
EndGlobal
